
Microsoft Visual Studio Solution File, Format Version 12.00
# Visual Studio Version 17
VisualStudioVersion = 17.0.32126.317
MinimumVisualStudioVersion = 10.0.40219.1
Project("{FAE04EC0-301F-11D3-BF4B-00C04F79EFBC}") = "Experiments", "Experiments\Experiments.csproj", "{1935CD82-CE8A-4CE3-A601-0C10218BA80C}"
EndProject
Project("{FAE04EC0-301F-11D3-BF4B-00C04F79EFBC}") = "WindowExperiments", "WindowExperiments\WindowExperiments.csproj", "{4AA1CDA3-25F8-4EC0-92E1-573CEA346B6D}"
EndProject
Project("{FAE04EC0-301F-11D3-BF4B-00C04F79EFBC}") = "TestLibrary", "TestLibrary\TestLibrary.csproj", "{7D392920-BF1E-4FBD-80FB-34AE8CB51153}"
EndProject
Global
	GlobalSection(SolutionConfigurationPlatforms) = preSolution
		Debug|Any CPU = Debug|Any CPU
		Release|Any CPU = Release|Any CPU
	EndGlobalSection
	GlobalSection(ProjectConfigurationPlatforms) = postSolution
		{1935CD82-CE8A-4CE3-A601-0C10218BA80C}.Debug|Any CPU.ActiveCfg = Debug|Any CPU
		{1935CD82-CE8A-4CE3-A601-0C10218BA80C}.Debug|Any CPU.Build.0 = Debug|Any CPU
		{1935CD82-CE8A-4CE3-A601-0C10218BA80C}.Release|Any CPU.ActiveCfg = Release|Any CPU
		{1935CD82-CE8A-4CE3-A601-0C10218BA80C}.Release|Any CPU.Build.0 = Release|Any CPU
		{4AA1CDA3-25F8-4EC0-92E1-573CEA346B6D}.Debug|Any CPU.ActiveCfg = Debug|Any CPU
		{4AA1CDA3-25F8-4EC0-92E1-573CEA346B6D}.Debug|Any CPU.Build.0 = Debug|Any CPU
		{4AA1CDA3-25F8-4EC0-92E1-573CEA346B6D}.Release|Any CPU.ActiveCfg = Release|Any CPU
		{4AA1CDA3-25F8-4EC0-92E1-573CEA346B6D}.Release|Any CPU.Build.0 = Release|Any CPU
		{7D392920-BF1E-4FBD-80FB-34AE8CB51153}.Debug|Any CPU.ActiveCfg = Debug|Any CPU
		{7D392920-BF1E-4FBD-80FB-34AE8CB51153}.Debug|Any CPU.Build.0 = Debug|Any CPU
		{7D392920-BF1E-4FBD-80FB-34AE8CB51153}.Release|Any CPU.ActiveCfg = Release|Any CPU
		{7D392920-BF1E-4FBD-80FB-34AE8CB51153}.Release|Any CPU.Build.0 = Release|Any CPU
	EndGlobalSection
	GlobalSection(SolutionProperties) = preSolution
		HideSolutionNode = FALSE
	EndGlobalSection
	GlobalSection(ExtensibilityGlobals) = postSolution
		SolutionGuid = {63746CC0-C052-48F4-BBCA-3A84D3549018}
	EndGlobalSection
EndGlobal
